{
    "_meta": {
        "hash": {
            "sha256": "a301992452b7ffb08a903c5b651371f69bdf3923fa4c53c6d00193cc54aa9742"
        },
        "pipfile-spec": 6,
        "requires": {
            "python_version": "3.6"
        },
        "sources": [
            {
                "name": "pypi",
                "url": "https://pypi.python.org/simple",
                "verify_ssl": true
            }
        ]
    },
    "default": {
        "arrow": {
            "hashes": [
                "sha256:a558d3b7b6ce7ffc74206a86c147052de23d3d4ef0e17c210dd478c53575c4cd"
            ],
            "index": "pypi",
            "version": "==0.12.1"
        },
        "attrs": {
            "hashes": [
                "sha256:4b90b09eeeb9b88c35bc642cbac057e45a5fd85367b985bd2809c62b7b939265",
                "sha256:e0d0eb91441a3b53dab4d9b743eafc1ac44476296a2053b6ca3af0b139faf87b"
            ],
            "index": "pypi",
            "version": "==18.1.0"
        },
        "click": {
            "hashes": [
                "sha256:29f99fc6125fbc931b758dc053b3114e55c77a6e4c6c3a2674a2dc986016381d",
                "sha256:f15516df478d5a56180fbf80e68f206010e6d160fc39fa508b65e035fd75130b"
            ],
            "version": "==6.7"
        },
        "feedgenerator": {
            "hashes": [
                "sha256:5ae05daa9cfa47fa406ee4744d0b7fa1c8a05a7a47ee0ad328ddf55327cfb106"
            ],
            "index": "pypi",
            "version": "==1.9"
        },
        "flask": {
            "hashes": [
                "sha256:6c3130c8927109a08225993e4e503de4ac4f2678678ae211b33b519c622a7242",
                "sha256:9dce4b6bfbb5b062181d3f7da8f727ff70c1156cbb4024351eafd426deb5fb88"
            ],
            "index": "pypi",
            "version": "==0.12.1"
        },
        "future": {
            "hashes": [
                "sha256:e39ced1ab767b5936646cedba8bcce582398233d6a627067d4c6a454c90cfedb"
            ],
            "version": "==0.16.0"
        },
        "itsdangerous": {
            "hashes": [
                "sha256:cbb3fcf8d3e33df861709ecaf89d9e6629cff0a217bc2848f1b41cd30d360519"
            ],
            "version": "==0.24"
        },
        "jinja2": {
            "hashes": [
                "sha256:74c935a1b8bb9a3947c50a54766a969d4846290e1e788ea44c1392163723c3bd",
                "sha256:f84be1bb0040caca4cea721fcbbbbd61f9be9464ca236387158b0feea01914a4"
            ],
            "version": "==2.10"
        },
        "markupsafe": {
            "hashes": [
                "sha256:a6be69091dac236ea9c6bc7d012beab42010fa914c459791d627dad4910eb665"
            ],
            "version": "==1.0"
        },
        "oauthlib": {
            "hashes": [
                "sha256:ac35665a61c1685c56336bda97d5eefa246f1202618a1d6f34fccb1bdd404162",
                "sha256:d883b36b21a6ad813953803edfa563b1b579d79ca758fe950d1bc9e8b326025b"
            ],
            "version": "==2.1.0"
        },
        "path.py": {
            "hashes": [
                "sha256:605b1d7c356f039ce54ac08ea6174ada96f7542107f00a5ad8ba97130fecc296",
                "sha256:deedc0b4f7b8b975d9c8fb13e4275cdb3699adf3dece3dc8415bb0025557a370"
            ],
            "index": "pypi",
            "version": "==9.0.1"
        },
        "python-dateutil": {
            "hashes": [
                "sha256:1adb80e7a782c12e52ef9a8182bebeb73f1d7e24e374397af06fb4956c8dc5c0",
                "sha256:e27001de32f627c22380a688bcc43ce83504a7bc5da472209b4c70f02829f0b8"
            ],
            "version": "==2.7.3"
        },
        "python-twitter": {
            "hashes": [
                "sha256:29b536a59edfb0b1f634ea8d98b91c4c5bd7514e91fab16af086604c627bebae",
                "sha256:77ebcf2344b622d2fa1e54a851971e030ae313c754863b435e5c1827be97a721"
            ],
            "index": "pypi",
            "version": "==3.4.2"
        },
        "pytz": {
            "hashes": [
                "sha256:a061aa0a9e06881eb8b3b2b43f05b9439d6583c206d0a6c340ff72a7b6669053",
                "sha256:ffb9ef1de172603304d9d2819af6f5ece76f2e85ec10692a524dd876e72bf277"
            ],
            "version": "==2018.5"
        },
        "requests": {
            "hashes": [
                "sha256:000748df49e087784441b2621c50fb81046c5c8e80e0d91674ffad65b9e13844",
                "sha256:ed98431a0631e309bb4b63c81d561c1654822cb103de1ac7b47e45c26be7ae34"
            ],
            "index": "pypi",
            "version": "==2.12.4"
        },
        "requests-oauthlib": {
            "hashes": [
                "sha256:8886bfec5ad7afb391ed5443b1f697c6f4ae98d0e5620839d8b4499c032ada3f",
                "sha256:e21232e2465808c0e892e0e4dbb8c2faafec16ac6dc067dd546e9b466f3deac8",
                "sha256:fe3282f48fb134ee0035712159f5429215459407f6d5484013343031ff1a400d"
            ],
            "version": "==1.0.0"
        },
        "ruamel.yaml": {
            "hashes": [
                "sha256:12e093487d7c0330d57882568fd284c924d4d0c3f304d63688d5f6af5c2d1577",
                "sha256:45948e70d45f368b8d92ec531610a6ad55bf35eba53c93aaf2ecaa46ad29d300",
                "sha256:b39f07e2c3f1e7f8d9d6edc4527ef0bdf2db2a34c32b19bb3b8103990e0f33f9",
                "sha256:c1a9f39128b35825f8a10e2a7f61fcca3965204dff3973e382d345335ff80b06",
                "sha256:cc3c12fa56cf5d1618e9be7db50036ac8332539b98e2375e084128b828c8fb86",
                "sha256:d055555efa727b9830e31d2a5eb449701c1eeb702c196844bb004f22b19ab24b",
                "sha256:f0c2a8d18843faf6a63fdf9d599c169c3dffb5be2b32cf56460512b029481cd9"
            ],
            "index": "pypi",
            "version": "==0.14.6"
        },
        "six": {
            "hashes": [
                "sha256:70e8a77beed4562e7f14fe23a786b54f6296e34344c23bc42f07b15018ff98e9",
                "sha256:832dc0e10feb1aa2c68dcc57dbb658f1c7e65b9b61af69048abc87a2db00a0eb"
            ],
            "version": "==1.11.0"
        },
        "werkzeug": {
            "hashes": [
                "sha256:c3fd7a7d41976d9f44db327260e263132466836cef6f91512889ed60ad26557c",
                "sha256:d5da73735293558eb1651ee2fddc4d0dedcfa06538b8813a2e20011583c9e49b"
            ],
            "version": "==0.14.1"
        }
    },
    "develop": {
        "apipkg": {
            "hashes": [
                "sha256:2e38399dbe842891fe85392601aab8f40a8f4cc5a9053c326de35a1cc0297ac6",
                "sha256:65d2aa68b28e7d31233bb2ba8eb31cda40e4671f8ac2d6b241e358c9652a74b9"
            ],
            "index": "pypi",
            "version": "==1.4"
        },
        "astroid": {
            "hashes": [
                "sha256:507296783e8a428c2105edc6152bd901becf38b0058ebbe41edeafc8caaff0b8",
                "sha256:b1d87cbb3dbcca64f8fb8252d2a6650c3bf7b1fc6516831c1b63462d965f2af7"
            ],
            "index": "pypi",
            "version": "==1.5.1"
        },
        "beautifulsoup4": {
            "hashes": [
                "sha256:0a91347d5a4ab2196407ff4d3d758f2e712cae9bdfa3fd1eb0f83edea95e0d8d",
                "sha256:50e031957fe5d72c7ff6c10575d07b83a6462d12d12af03666b0dd1d9aa81c43",
                "sha256:b21ca09366fa596043578fd4188b052b46634d22059e68dd0077d9ee77e08a3e"
            ],
            "index": "pypi",
            "version": "==4.5.3"
        },
        "click": {
            "hashes": [
                "sha256:29f99fc6125fbc931b758dc053b3114e55c77a6e4c6c3a2674a2dc986016381d",
                "sha256:f15516df478d5a56180fbf80e68f206010e6d160fc39fa508b65e035fd75130b"
            ],
            "version": "==6.7"
        },
        "editdistance": {
            "hashes": [
                "sha256:00aa0181965d6619d166f5bedc9895cea2af6ff54615393a3af7a416b8846825",
                "sha256:0ce0648d427b87f5444641fa5e6ae7a1c162329e1b64e1f55f4e3cee27b0f255",
                "sha256:11a343422c200eabb873dc40de145d29e5bbc8d0c20169f98228a60f4ff4ba76",
                "sha256:19021eeab7bb8a8ca3233b573b3ee89495de5c77aadc27b7e9c85b943036bd44",
                "sha256:24145b3bbe0bcd52164a24c10319d13326d1cfa98f8ba879c9a90cdac3984aaf",
                "sha256:39d56382029813a5c9a80194e65610c455d7e4f25d25e42829e4947ff8441421",
                "sha256:3a9d4a76f481ba5d49a28a25c804ae9ba82cecc111664c054354a29e98bc93d6",
                "sha256:408cf97b4cacfd7a0a868444df4bca1aa7f2c9dd82e885899f63cb3bcb26f48f",
                "sha256:45c6d63087803f0c4eedd5c0c04300f7daf55f82c1736efd8258764ed8625775",
                "sha256:560ba4f2156819c8b0157ecb29c972191bff04943016c59230cb5216407e4bc0",
                "sha256:5fc42568ba1c381a9ca62635100ee1a3674373111391d9c9d949dd71c4bd7d4d",
                "sha256:70ebab3ca512267f99fcd344280f4ece0d77aa6071ee372955d0b3f8f71b5b5f",
                "sha256:729347cbdb3ff1a60077ec0757785f0e3297b99cfc7350ae2c8edad3bde9e91c",
                "sha256:850c8e78ca2a9ecb48673f19ec66892c9a5bfd10612dbe8b46dfeaaf51e83dde",
                "sha256:8a16f6ea0aa1aa6814afed5d003768dbe29a3c75494af85077ac5a1ef1ee33b1",
                "sha256:97f04e8c0fd6e3fdb9b7cbd7820ac9d4b25eca6bb7eac0cdf5a23a1b8b9c6639",
                "sha256:a14bf476030113deb686ead4b69509523bffc4ca18f5e7091cbd2624e12bfa49",
                "sha256:a2a51299b4dff5bfae12047c305b194719d58b48f4da1f05c10c1f77cdb0c0f8",
                "sha256:ac67685b879b5c2848bc54c5e01b1c225f680f0abf0c9f0cce63fa157dc6668c",
                "sha256:ad9c79528441868af3c98b3ce3ae1dad3075094c129bebfa52ac87e5d9abc4fd",
                "sha256:ae20348e5a3a560ce2faa5f2006ab168b748bdcf45e4b59716392f00aa1a1233",
                "sha256:bbf0d7aa6a5b7de663a5c3b6b28e69556eb3590ba7c94e985605ec044ce4f955",
                "sha256:c1c584042c501dc36d821a931412fda7fa71f1132cb6cc3212a250333da9b038",
                "sha256:c765db6f8817d38922e4a50be4b9ab338b2c539377b6fcf0bca11dea72eeb8c1",
                "sha256:db83a6eff3d6c294062c334cdb7aefaad398bbd0dc2cfbf2c5e1425b664c7cd6",
                "sha256:dd3c68078a2fffac876c0d39bd43ca466d790ebc6a4f49b5460d968f36f2b878",
                "sha256:dfd38f5b3c07f4521aaa2be80cc81b057c90a6d2cd4fc482551dd9013354a39b"
            ],
            "version": "==0.4"
        },
        "feedparser": {
            "hashes": [
                "sha256:bd030652c2d08532c034c27fcd7c85868e7fa3cb2b17f230a44a6bbc92519bf9",
                "sha256:cd2485472e41471632ed3029d44033ee420ad0b57111db95c240c9160a85831c",
                "sha256:ce875495c90ebd74b179855449040003a1beb40cd13d5f037a0654251e260b02"
            ],
            "index": "pypi",
            "version": "==5.2.1"
        },
        "flask": {
            "hashes": [
                "sha256:6c3130c8927109a08225993e4e503de4ac4f2678678ae211b33b519c622a7242",
                "sha256:9dce4b6bfbb5b062181d3f7da8f727ff70c1156cbb4024351eafd426deb5fb88"
            ],
            "index": "pypi",
            "version": "==0.12.1"
        },
        "isort": {
            "hashes": [
                "sha256:1153601da39a25b14ddc54955dbbacbb6b2d19135386699e2ad58517953b34af",
                "sha256:b9c40e9750f3d77e6e4d441d8b0266cf555e7cdabdcff33c4fd06366ca761ef8",
                "sha256:ec9ef8f4a9bc6f71eec99e1806bfa2de401650d996c59330782b89a5555c1497"
            ],
            "version": "==4.3.4"
        },
        "itsdangerous": {
            "hashes": [
                "sha256:cbb3fcf8d3e33df861709ecaf89d9e6629cff0a217bc2848f1b41cd30d360519"
            ],
            "version": "==0.24"
        },
        "jinja2": {
            "hashes": [
                "sha256:74c935a1b8bb9a3947c50a54766a969d4846290e1e788ea44c1392163723c3bd",
                "sha256:f84be1bb0040caca4cea721fcbbbbd61f9be9464ca236387158b0feea01914a4"
            ],
            "version": "==2.10"
        },
        "lazy-object-proxy": {
            "hashes": [
                "sha256:0ce34342b419bd8f018e6666bfef729aec3edf62345a53b537a4dcc115746a33",
                "sha256:1b668120716eb7ee21d8a38815e5eb3bb8211117d9a90b0f8e21722c0758cc39",
                "sha256:209615b0fe4624d79e50220ce3310ca1a9445fd8e6d3572a896e7f9146bbf019",
                "sha256:27bf62cb2b1a2068d443ff7097ee33393f8483b570b475db8ebf7e1cba64f088",
                "sha256:27ea6fd1c02dcc78172a82fc37fcc0992a94e4cecf53cb6d73f11749825bd98b",
                "sha256:2c1b21b44ac9beb0fc848d3993924147ba45c4ebc24be19825e57aabbe74a99e",
                "sha256:2df72ab12046a3496a92476020a1a0abf78b2a7db9ff4dc2036b8dd980203ae6",
                "sha256:320ffd3de9699d3892048baee45ebfbbf9388a7d65d832d7e580243ade426d2b",
                "sha256:50e3b9a464d5d08cc5227413db0d1c4707b6172e4d4d915c1c70e4de0bbff1f5",
                "sha256:5276db7ff62bb7b52f77f1f51ed58850e315154249aceb42e7f4c611f0f847ff",
                "sha256:61a6cf00dcb1a7f0c773ed4acc509cb636af2d6337a08f362413c76b2b47a8dd",
                "sha256:6ae6c4cb59f199d8827c5a07546b2ab7e85d262acaccaacd49b62f53f7c456f7",
                "sha256:7661d401d60d8bf15bb5da39e4dd72f5d764c5aff5a86ef52a042506e3e970ff",
                "sha256:7bd527f36a605c914efca5d3d014170b2cb184723e423d26b1fb2fd9108e264d",
                "sha256:7cb54db3535c8686ea12e9535eb087d32421184eacc6939ef15ef50f83a5e7e2",
                "sha256:7f3a2d740291f7f2c111d86a1c4851b70fb000a6c8883a59660d95ad57b9df35",
                "sha256:81304b7d8e9c824d058087dcb89144842c8e0dea6d281c031f59f0acf66963d4",
                "sha256:933947e8b4fbe617a51528b09851685138b49d511af0b6c0da2539115d6d4514",
                "sha256:94223d7f060301b3a8c09c9b3bc3294b56b2188e7d8179c762a1cda72c979252",
                "sha256:ab3ca49afcb47058393b0122428358d2fbe0408cf99f1b58b295cfeb4ed39109",
                "sha256:bd6292f565ca46dee4e737ebcc20742e3b5be2b01556dafe169f6c65d088875f",
                "sha256:cb924aa3e4a3fb644d0c463cad5bc2572649a6a3f68a7f8e4fbe44aaa6d77e4c",
                "sha256:d0fc7a286feac9077ec52a927fc9fe8fe2fabab95426722be4c953c9a8bede92",
                "sha256:ddc34786490a6e4ec0a855d401034cbd1242ef186c20d79d2166d6a4bd449577",
                "sha256:e34b155e36fa9da7e1b7c738ed7767fc9491a62ec6af70fe9da4a057759edc2d",
                "sha256:e5b9e8f6bda48460b7b143c3821b21b452cb3a835e6bbd5dd33aa0c8d3f5137d",
                "sha256:e81ebf6c5ee9684be8f2c87563880f93eedd56dd2b6146d8a725b50b7e5adb0f",
                "sha256:eb91be369f945f10d3a49f5f9be8b3d0b93a4c2be8f8a5b83b0571b8123e0a7a",
                "sha256:f460d1ceb0e4a5dcb2a652db0904224f367c9b3c1470d5a7683c0480e582468b"
            ],
            "version": "==1.3.1"
        },
        "markupsafe": {
            "hashes": [
                "sha256:a6be69091dac236ea9c6bc7d012beab42010fa914c459791d627dad4910eb665"
            ],
            "version": "==1.0"
        },
        "mccabe": {
            "hashes": [
                "sha256:ab8a6258860da4b6677da4bd2fe5dc2c659cff31b3ee4f7f5d64e79735b80d42",
                "sha256:dd8d182285a0fe56bace7f45b5e7d1a6ebcbf524e8f3bd87eb0f125271b8831f"
            ],
            "index": "pypi",
            "version": "==0.6.1"
        },
        "py": {
            "hashes": [
                "sha256:4a3e4f3000c123835ac39cab5ccc510642153bc47bc1f13e2bbb53039540ae69",
                "sha256:a6501963c725fc2554dabfece8ae9a8fb5e149c0ac0a42fd2b02c5c1c57fc114"
            ],
            "index": "pypi",
            "version": "==1.4.31"
        },
        "pycodestyle": {
            "hashes": [
                "sha256:682256a5b318149ca0d2a9185d365d8864a768a28db66a84a2ea946bcc426766",
                "sha256:6c4245ade1edfad79c3446fadfc96b0de2759662dc29d07d80a6f27ad1ca6ba9"
            ],
            "index": "pypi",
            "version": "==2.3.1"
        },
        "pyflakes": {
            "hashes": [
                "sha256:aa0d4dff45c0cc2214ba158d29280f8fa1129f3e87858ef825930845146337f4",
                "sha256:cc5eadfb38041f8366128786b4ca12700ed05bbf1403d808e89d57d67a3875a7"
            ],
            "index": "pypi",
            "version": "==1.5.0"
        },
        "pylint": {
            "hashes": [
                "sha256:27dec85ce32fe5cb78eaad11c165cfb53479ad92930783f04016eebe41f28a3a",
                "sha256:7d31ff5a6ac41f6d456d896182f3b0c00adcef817cea7136ee85a8a2569559f8"
            ],
            "index": "pypi",
            "version": "==1.7.0"
        },
        "pytest": {
            "hashes": [
                "sha256:879fee2c1fdbaacd1bf2c0047677c6dd4aee05b9c1e64330b34d130a584fa40d",
                "sha256:f043cb1eaafc9a10c9de77a7d57ba9ccb1d919edb45926b83c29e2482a41101e"
            ],
            "index": "pypi",
            "version": "==3.0.4"
        },
        "pytest-flask": {
            "hashes": [
                "sha256:2c5a36f9033ef8b6f85ddbefaebdd4f89197fc283f94b20dfe1a1beba4b77f03",
                "sha256:657c7de386215ab0230bee4d76ace0339ae82fcbb34e134e17a29f65032eef03"
            ],
            "index": "pypi",
            "version": "==0.10.0"
        },
        "pytest-mock": {
            "hashes": [
                "sha256:53801e621223d34724926a5c98bd90e8e417ce35264365d39d6c896388dcc928",
                "sha256:d89a8209d722b8307b5e351496830d5cc5e192336003a485443ae9adeb7dd4c0"
            ],
            "index": "pypi",
            "version": "==1.10.0"
        },
        "six": {
            "hashes": [
                "sha256:70e8a77beed4562e7f14fe23a786b54f6296e34344c23bc42f07b15018ff98e9",
                "sha256:832dc0e10feb1aa2c68dcc57dbb658f1c7e65b9b61af69048abc87a2db00a0eb"
            ],
            "version": "==1.11.0"
        },
        "werkzeug": {
            "hashes": [
                "sha256:c3fd7a7d41976d9f44db327260e263132466836cef6f91512889ed60ad26557c",
                "sha256:d5da73735293558eb1651ee2fddc4d0dedcfa06538b8813a2e20011583c9e49b"
            ],
            "version": "==0.14.1"
        },
        "wrapt": {
            "hashes": [
                "sha256:d4d560d479f2c21e1b5443bbd15fe7ec4b37fe7e53d335d3b9b0a7b1226fe3c6"
            ],
            "version": "==1.10.11"
        }
    }
}
